
Microsoft Visual Studio Solution File, Format Version 12.00
# Visual Studio Version 16
VisualStudioVersion = 16.0.29509.3
MinimumVisualStudioVersion = 10.0.40219.1
Project("{FAE04EC0-301F-11D3-BF4B-00C04F79EFBC}") = "BlackJack", "BlackJack\BlackJack.csproj", "{D4675BC3-F801-4CCC-87A2-19745F70EA63}"
EndProject
Project("{FAE04EC0-301F-11D3-BF4B-00C04F79EFBC}") = "blackjack_改良", "blackjack_改良\blackjack_改良.csproj", "{C6BDB3E4-4785-4913-96F0-AF8FCC3B948A}"
EndProject
Global
	GlobalSection(SolutionConfigurationPlatforms) = preSolution
		Debug|Any CPU = Debug|Any CPU
		Release|Any CPU = Release|Any CPU
	EndGlobalSection
	GlobalSection(ProjectConfigurationPlatforms) = postSolution
		{D4675BC3-F801-4CCC-87A2-19745F70EA63}.Debug|Any CPU.ActiveCfg = Debug|Any CPU
		{D4675BC3-F801-4CCC-87A2-19745F70EA63}.Debug|Any CPU.Build.0 = Debug|Any CPU
		{D4675BC3-F801-4CCC-87A2-19745F70EA63}.Release|Any CPU.ActiveCfg = Release|Any CPU
		{D4675BC3-F801-4CCC-87A2-19745F70EA63}.Release|Any CPU.Build.0 = Release|Any CPU
		{C6BDB3E4-4785-4913-96F0-AF8FCC3B948A}.Debug|Any CPU.ActiveCfg = Debug|Any CPU
		{C6BDB3E4-4785-4913-96F0-AF8FCC3B948A}.Debug|Any CPU.Build.0 = Debug|Any CPU
		{C6BDB3E4-4785-4913-96F0-AF8FCC3B948A}.Release|Any CPU.ActiveCfg = Release|Any CPU
		{C6BDB3E4-4785-4913-96F0-AF8FCC3B948A}.Release|Any CPU.Build.0 = Release|Any CPU
	EndGlobalSection
	GlobalSection(SolutionProperties) = preSolution
		HideSolutionNode = FALSE
	EndGlobalSection
	GlobalSection(ExtensibilityGlobals) = postSolution
		SolutionGuid = {C8265A7A-AEE4-4E17-A90F-B711A2211931}
	EndGlobalSection
EndGlobal
